---
lockfileVersion: '9.0'

importers:

  .:
    configDependencies: {}
    packageManagerDependencies:
      pnpm:
        specifier: 12.11.2
        version: 12.11.2

packages:

  '@pnpm/exe.android-arm64@12.11.2':
    resolution: {integrity: sha512-owLw13OfPkEoY+hLBNeeG+dCFhywr7q2d/EHPz4mNL2RhKnv8gNwMARkjkiDQu234aItVwFNDeGnmQXm+ikkAg==}
    cpu: [arm64]
    os: [android]

  '@pnpm/exe.android-x64@12.11.2':
    resolution: {integrity: sha512-GYPkVebl4iokOA/4MPSpGoUVfFlsth7uqOCe1XiaiM23LAdvUOMJBObqHJijr89ZqjwHm9pO6vO45GRwJ2U2qA==}
    cpu: [x64]
    os: [android]

  '@pnpm/exe.darwin-arm64@12.11.2':
    resolution: {integrity: sha512-n9M4On66y8FDxUAKgMO1FXt0qihyG4e+56p3/F0uo8Bx9KplW8BwKVnXigzCJ8aNM6sVVPkOE6M9XXbeVIxnZA==}
    cpu: [arm64]
    os: [darwin]

  '@pnpm/exe.darwin-x64@12.11.2':
    resolution: {integrity: sha512-oSW7n3sBT0c0cyk4kj10T2Y6Mpm+OFEiCAWozgX039tdoI6yqJF1uaFD3sw7ugLdu6VV3+uY0pa1TUZIPdxDWA==}
    cpu: [x64]
    os: [darwin]

  '@pnpm/exe.freebsd-x64@12.11.2':
    resolution: {integrity: sha512-qbzc3KoDpa/Lkf8vs3jnDe6dUUbso+6eLIyssYFMiliLpYNxn8dirk11YoNnOQcdHVB50v5RFls1Yid6ttT5pg==}
    cpu: [x64]
    os: [freebsd]

  '@pnpm/exe.linux-arm64-musl@12.11.2':
    resolution: {integrity: sha512-uMEYDwKRktGwANubQ+kYCwmhNwg3Ik6qK89ahsbQ5cP30R/5FVJb/T99vr9XRUBC/A7mZI6eeT92oyVas9ACyg==}
    cpu: [arm64]
    os: [linux]
    libc: [musl]

  '@pnpm/exe.linux-arm64@12.11.2':
    resolution: {integrity: sha512-6e8ZAQUwFXAWHHHv5FesWqf/kEK04wuitBv5f/gxzkC0DiBfaixr+f+6JQede8SF4Ji5LcMwVFJbzAtffpWxEg==}
    cpu: [arm64]
    os: [linux]
    libc: [glibc]

  '@pnpm/exe.linux-ppc64@12.11.2':
    resolution: {integrity: sha512-Ui8A4nepkVupx2VpuFfysEluMvWK6gTB5rgVts7Ss/+8dj0RD28x3F/seNeH/zSypgC6yKdV6qsKVQh/uffTuQ==}
    cpu: [ppc64]
    os: [linux]
    libc: [glibc]

  '@pnpm/exe.linux-riscv64@12.11.2':
    resolution: {integrity: sha512-i1yLdQ5bu+wjQ+srtFoJAaY2gN/+oXHFdjul4llCeoDxHE0rTIG3R41NhHfCjyFPW4+CpbBT58933CL9sMOCnA==}
    cpu: [riscv64]
    os: [linux]
    libc: [glibc]

  '@pnpm/exe.linux-s390x@12.11.2':
    resolution: {integrity: sha512-YS1/lhPjjTsN4QL50VaFZKRa3Uc/bDnhE8eKbJMFvuX06UuFS5YaiDg04APoZdfVSGqTfX27QAg7rfLMSWaqxA==}
    cpu: [s390x]
    os: [linux]
    libc: [glibc]

  '@pnpm/exe.linux-x64-musl@12.11.2':
    resolution: {integrity: sha512-7eIxQR05fvJxCujUSKp5KTtehJ7QqrgqP/HD1+BcB/SaV2Be4XI1PEHiOgA1zxsiMIeMvTF6E4G4dYHrFjeXRg==}
    cpu: [x64]
    os: [linux]
    libc: [musl]

  '@pnpm/exe.linux-x64@12.11.2':
    resolution: {integrity: sha512-FK7QKe24AYgppJwO3mpooYptduuvIGqKJPi5ac7MdnWkjUy46JBfYhCW0grnkWKC8YOf0x+vGviuQqJEj3SpQQ==}
    cpu: [x64]
    os: [linux]
    libc: [glibc]

  '@pnpm/exe.win32-arm64@12.11.2':
    resolution: {integrity: sha512-PCTjVDdJb6VvraZxrEeFv6EqEA0hhIsAySx28e95J2Tqpi88hLpgOXgNqV0vpxq9A+b8GLQfyk/D+1UlJPv/YQ==}
    cpu: [arm64]
    os: [win32]

  '@pnpm/exe.win32-x64@12.11.2':
    resolution: {integrity: sha512-8sgX86OvRjJ3yZs/TvGR2L31wH9ScPZ+f+geKI3ikuB0RRiK3i4LlTRO8OXN6pdRqj8epMde4312MCjj7JsJdA==}
    cpu: [x64]
    os: [win32]

  pnpm@12.11.2:
    resolution: {integrity: sha512-JaUWUqGWeFr18ovabf6NxYLr76SsHRgCIc4TkCMcX7dmN4IupLbkYzznSs3LCnf3Ja8RutOBd/3t2u6BipVcuQ==}
    engines: {node: '>=18.*'}
    hasBin: true

snapshots:

  '@pnpm/exe.android-arm64@12.11.2':
    optional: true

  '@pnpm/exe.android-x64@12.11.2':
    optional: true

  '@pnpm/exe.darwin-arm64@12.11.2':
    optional: true

  '@pnpm/exe.darwin-x64@12.11.2':
    optional: true

  '@pnpm/exe.freebsd-x64@12.11.2':
    optional: true

  '@pnpm/exe.linux-arm64-musl@12.11.2':
    optional: true

  '@pnpm/exe.linux-arm64@12.11.2':
    optional: true

  '@pnpm/exe.linux-ppc64@12.11.2':
    optional: true

  '@pnpm/exe.linux-riscv64@12.11.2':
    optional: true

  '@pnpm/exe.linux-s390x@12.11.2':
    optional: true

  '@pnpm/exe.linux-x64-musl@12.11.2':
    optional: true

  '@pnpm/exe.linux-x64@12.11.2':
    optional: true

  '@pnpm/exe.win32-arm64@12.11.2':
    optional: true

  '@pnpm/exe.win32-x64@12.11.2':
    optional: true

  pnpm@12.11.2:
    optionalDependencies:
      '@pnpm/exe.android-arm64': 12.11.2
      '@pnpm/exe.android-x64': 12.11.2
      '@pnpm/exe.darwin-arm64': 12.11.2
      '@pnpm/exe.darwin-x64': 12.11.2
      '@pnpm/exe.freebsd-x64': 12.11.2
      '@pnpm/exe.linux-arm64': 12.11.2
      '@pnpm/exe.linux-arm64-musl': 12.11.2
      '@pnpm/exe.linux-ppc64': 12.11.2
      '@pnpm/exe.linux-riscv64': 12.11.2
      '@pnpm/exe.linux-s390x': 12.11.2
      '@pnpm/exe.linux-x64': 12.11.2
      '@pnpm/exe.linux-x64-musl': 12.11.2
      '@pnpm/exe.win32-arm64': 12.11.2
      '@pnpm/exe.win32-x64': 12.11.2

---
lockfileVersion: '9.0'

settings:
  autoInstallPeers: true
  excludeLinksFromLockfile: false

importers:

  .:
    dependencies:
      zenn-cli:
        specifier: 0.4.8
        version: 0.4.8

packages:

  bundle-name@4.1.0:
    resolution: {integrity: sha512-tjwM5exMg6BGRI+kNmTntNsvdZS1X8BFYS6tnJ2hdH0kVxM6/eVZ2xy+FqStSWvYmtfFMDLIxurorHwDKfDz5Q==}
    engines: {node: '>=18'}

  default-browser-id@5.0.1:
    resolution: {integrity: sha512-x1VCxdX4t+8wVfd1so/9w+vQ4vx7lKd2Qp5tDRutErwmR85OgmfX7RlLRMWafRMY7hbEiXIbudNrjOAPa/hL8Q==}
    engines: {node: '>=18'}

  default-browser@5.5.0:
    resolution: {integrity: sha512-H9LMLr5zwIbSxrmvikGuI/5KGhZ8E2zH3stkMgM5LpOWDutGM2JZaj460Udnf1a+946zc7YBgrqEWwbk7zHvGw==}
    engines: {node: '>=18'}

  define-lazy-prop@3.0.0:
    resolution: {integrity: sha512-N+MeXYoqr3pOgn8xfyRPREN7gHakLYjhsHhWGT3fWAiL4IkAt0iDw14QiiEm2bE30c5XX5q0FtAA3CK5f9/BUg==}
    engines: {node: '>=12'}

  is-docker@3.0.0:
    resolution: {integrity: sha512-eljcgEDlEns/7AXFosB5K/2nCM4P7FQPkGc/DWLy5rmFEWvZayGrik1d9/QIY5nJ4f9YsVvBkA6kJpHn9rISdQ==}
    engines: {node: ^12.20.0 || ^14.13.1 || >=16.0.0}
    hasBin: true

  is-inside-container@1.0.0:
    resolution: {integrity: sha512-KIYLCCJghfHZxqjYBE7rEy0OBuTd5xCHS7tHVgvCLkx7StIoaxwNW3hCALgEUjFfeRk+MG/Qxmp/vtETEF3tRA==}
    engines: {node: '>=14.16'}
    hasBin: true

  is-wsl@3.1.1:
    resolution: {integrity: sha512-e6rvdUCiQCAuumZslxRJWR/Doq4VpPR82kqclvcS0efgt430SlGIk05vdCN58+VrzgtIcfNODjozVielycD4Sw==}
    engines: {node: '>=16'}

  open@10.2.0:
    resolution: {integrity: sha512-YgBpdJHPyQ2UE5x+hlSXcnejzAvD0b22U2OuAP+8OnlJT+PjWPxtgmGqKKc+RgTM63U9gN0YzrYc71R2WT/hTA==}
    engines: {node: '>=18'}

  package-manager-detector@1.6.0:
    resolution: {integrity: sha512-61A5ThoTiDG/C8s8UMZwSorAGwMJ0ERVGj2OjoW5pAalsNOg15+iQiPzrLJ4jhZ1HJzmC2PIHT2oEiH3R5fzNA==}

  run-applescript@7.1.0:
    resolution: {integrity: sha512-DPe5pVFaAsinSaV6QjQ6gdiedWDcRCbUuiQfQa2wmWV7+xC9bGulGI8+TdRmoFkAPaBXk8CrAbnlY2ISniJ47Q==}
    engines: {node: '>=18'}

  wsl-utils@0.1.0:
    resolution: {integrity: sha512-h3Fbisa2nKGPxCpm89Hk33lBLsnaGBvctQopaBSOW/uIs6FTe1ATyAnKFJrzVs9vpGdsTe73WF3V4lIsk4Gacw==}
    engines: {node: '>=18'}

  zenn-cli@0.4.8:
    resolution: {integrity: sha512-DIJv1udDCyHd6AqoBaQDjTMs/3fo1KUCpumgyy/X8Yt1SKB/egLmhhNmePGukkIhUZDld1+RLoMWOEBky6njwg==}
    engines: {node: '>=22.0.0'}
    hasBin: true

snapshots:

  bundle-name@4.1.0:
    dependencies:
      run-applescript: 7.1.0

  default-browser-id@5.0.1: {}

  default-browser@5.5.0:
    dependencies:
      bundle-name: 4.1.0
      default-browser-id: 5.0.1

  define-lazy-prop@3.0.0: {}

  is-docker@3.0.0: {}

  is-inside-container@1.0.0:
    dependencies:
      is-docker: 3.0.0

  is-wsl@3.1.1:
    dependencies:
      is-inside-container: 1.0.0

  open@10.2.0:
    dependencies:
      default-browser: 5.5.0
      define-lazy-prop: 3.0.0
      is-inside-container: 1.0.0
      wsl-utils: 0.1.0

  package-manager-detector@1.6.0: {}

  run-applescript@7.1.0: {}

  wsl-utils@0.1.0:
    dependencies:
      is-wsl: 3.1.1

  zenn-cli@0.4.8:
    dependencies:
      open: 10.2.0
      package-manager-detector: 1.6.0
